
Microsoft Visual Studio Solution File, Format Version 12.00
# Visual Studio 14
VisualStudioVersion = 14.0.25420.1
MinimumVisualStudioVersion = 10.0.40219.1
Project("{F184B08F-C81C-45F6-A57F-5ABD9991F28F}") = "COBWEB 3D", "COBWEB 3D\COBWEB 3D.vbproj", "{965AB16E-91FF-4197-96B6-F5474F0F7B23}"
EndProject
Project("{6141683F-8A12-4E36-9623-2EB02B2C2303}") = "Setup1", "Setup1\Setup1.isproj", "{66477EAD-AF71-4A92-9EA9-9B2BD8DC1EE2}"
	ProjectSection(ProjectDependencies) = postProject
		{965AB16E-91FF-4197-96B6-F5474F0F7B23} = {965AB16E-91FF-4197-96B6-F5474F0F7B23}
	EndProjectSection
EndProject
Project("{F088123C-0E9E-452A-89E6-6BA2F21D5CAC}") = "ModelingProject", "ModelingProject\ModelingProject.modelproj", "{D71DFE5F-24DE-4205-B88B-46757A5600D0}"
EndProject
Global
	GlobalSection(SolutionConfigurationPlatforms) = preSolution
		CD_ROM|Any CPU = CD_ROM|Any CPU
		CD_ROM|x86 = CD_ROM|x86
		Debug|Any CPU = Debug|Any CPU
		Debug|x86 = Debug|x86
		DVD-5|Any CPU = DVD-5|Any CPU
		DVD-5|x86 = DVD-5|x86
		Release|Any CPU = Release|Any CPU
		Release|x86 = Release|x86
		SingleImage|Any CPU = SingleImage|Any CPU
		SingleImage|x86 = SingleImage|x86
	EndGlobalSection
	GlobalSection(ProjectConfigurationPlatforms) = postSolution
		{965AB16E-91FF-4197-96B6-F5474F0F7B23}.CD_ROM|Any CPU.ActiveCfg = Debug|x86
		{965AB16E-91FF-4197-96B6-F5474F0F7B23}.CD_ROM|Any CPU.Build.0 = Debug|x86
		{965AB16E-91FF-4197-96B6-F5474F0F7B23}.CD_ROM|x86.ActiveCfg = Release|x86
		{965AB16E-91FF-4197-96B6-F5474F0F7B23}.CD_ROM|x86.Build.0 = Release|x86
		{965AB16E-91FF-4197-96B6-F5474F0F7B23}.Debug|Any CPU.ActiveCfg = Debug|x86
		{965AB16E-91FF-4197-96B6-F5474F0F7B23}.Debug|x86.ActiveCfg = Debug|x86
		{965AB16E-91FF-4197-96B6-F5474F0F7B23}.Debug|x86.Build.0 = Debug|x86
		{965AB16E-91FF-4197-96B6-F5474F0F7B23}.DVD-5|Any CPU.ActiveCfg = Debug|x86
		{965AB16E-91FF-4197-96B6-F5474F0F7B23}.DVD-5|Any CPU.Build.0 = Debug|x86
		{965AB16E-91FF-4197-96B6-F5474F0F7B23}.DVD-5|x86.ActiveCfg = Debug|x86
		{965AB16E-91FF-4197-96B6-F5474F0F7B23}.DVD-5|x86.Build.0 = Debug|x86
		{965AB16E-91FF-4197-96B6-F5474F0F7B23}.Release|Any CPU.ActiveCfg = Release|x86
		{965AB16E-91FF-4197-96B6-F5474F0F7B23}.Release|x86.ActiveCfg = Release|x86
		{965AB16E-91FF-4197-96B6-F5474F0F7B23}.Release|x86.Build.0 = Release|x86
		{965AB16E-91FF-4197-96B6-F5474F0F7B23}.SingleImage|Any CPU.ActiveCfg = Debug|x86
		{965AB16E-91FF-4197-96B6-F5474F0F7B23}.SingleImage|Any CPU.Build.0 = Debug|x86
		{965AB16E-91FF-4197-96B6-F5474F0F7B23}.SingleImage|x86.ActiveCfg = Release|x86
		{965AB16E-91FF-4197-96B6-F5474F0F7B23}.SingleImage|x86.Build.0 = Release|x86
		{66477EAD-AF71-4A92-9EA9-9B2BD8DC1EE2}.CD_ROM|Any CPU.ActiveCfg = CD_ROM
		{66477EAD-AF71-4A92-9EA9-9B2BD8DC1EE2}.CD_ROM|x86.ActiveCfg = CD_ROM
		{66477EAD-AF71-4A92-9EA9-9B2BD8DC1EE2}.CD_ROM|x86.Build.0 = CD_ROM
		{66477EAD-AF71-4A92-9EA9-9B2BD8DC1EE2}.Debug|Any CPU.ActiveCfg = DVD-5
		{66477EAD-AF71-4A92-9EA9-9B2BD8DC1EE2}.Debug|x86.ActiveCfg = DVD-5
		{66477EAD-AF71-4A92-9EA9-9B2BD8DC1EE2}.Debug|x86.Build.0 = DVD-5
		{66477EAD-AF71-4A92-9EA9-9B2BD8DC1EE2}.DVD-5|Any CPU.ActiveCfg = DVD-5
		{66477EAD-AF71-4A92-9EA9-9B2BD8DC1EE2}.DVD-5|x86.ActiveCfg = DVD-5
		{66477EAD-AF71-4A92-9EA9-9B2BD8DC1EE2}.DVD-5|x86.Build.0 = DVD-5
		{66477EAD-AF71-4A92-9EA9-9B2BD8DC1EE2}.Release|Any CPU.ActiveCfg = SingleImage
		{66477EAD-AF71-4A92-9EA9-9B2BD8DC1EE2}.Release|x86.ActiveCfg = SingleImage
		{66477EAD-AF71-4A92-9EA9-9B2BD8DC1EE2}.Release|x86.Build.0 = SingleImage
		{66477EAD-AF71-4A92-9EA9-9B2BD8DC1EE2}.SingleImage|Any CPU.ActiveCfg = SingleImage
		{66477EAD-AF71-4A92-9EA9-9B2BD8DC1EE2}.SingleImage|x86.ActiveCfg = SingleImage
		{66477EAD-AF71-4A92-9EA9-9B2BD8DC1EE2}.SingleImage|x86.Build.0 = SingleImage
		{D71DFE5F-24DE-4205-B88B-46757A5600D0}.CD_ROM|Any CPU.ActiveCfg = Release|Any CPU
		{D71DFE5F-24DE-4205-B88B-46757A5600D0}.CD_ROM|Any CPU.Build.0 = Release|Any CPU
		{D71DFE5F-24DE-4205-B88B-46757A5600D0}.CD_ROM|x86.ActiveCfg = Release|Any CPU
		{D71DFE5F-24DE-4205-B88B-46757A5600D0}.CD_ROM|x86.Build.0 = Release|Any CPU
		{D71DFE5F-24DE-4205-B88B-46757A5600D0}.Debug|Any CPU.ActiveCfg = Debug|Any CPU
		{D71DFE5F-24DE-4205-B88B-46757A5600D0}.Debug|Any CPU.Build.0 = Debug|Any CPU
		{D71DFE5F-24DE-4205-B88B-46757A5600D0}.Debug|x86.ActiveCfg = Debug|Any CPU
		{D71DFE5F-24DE-4205-B88B-46757A5600D0}.Debug|x86.Build.0 = Debug|Any CPU
		{D71DFE5F-24DE-4205-B88B-46757A5600D0}.DVD-5|Any CPU.ActiveCfg = Debug|Any CPU
		{D71DFE5F-24DE-4205-B88B-46757A5600D0}.DVD-5|Any CPU.Build.0 = Debug|Any CPU
		{D71DFE5F-24DE-4205-B88B-46757A5600D0}.DVD-5|x86.ActiveCfg = Debug|Any CPU
		{D71DFE5F-24DE-4205-B88B-46757A5600D0}.DVD-5|x86.Build.0 = Debug|Any CPU
		{D71DFE5F-24DE-4205-B88B-46757A5600D0}.Release|Any CPU.ActiveCfg = Release|Any CPU
		{D71DFE5F-24DE-4205-B88B-46757A5600D0}.Release|Any CPU.Build.0 = Release|Any CPU
		{D71DFE5F-24DE-4205-B88B-46757A5600D0}.Release|x86.ActiveCfg = Release|Any CPU
		{D71DFE5F-24DE-4205-B88B-46757A5600D0}.Release|x86.Build.0 = Release|Any CPU
		{D71DFE5F-24DE-4205-B88B-46757A5600D0}.SingleImage|Any CPU.ActiveCfg = Release|Any CPU
		{D71DFE5F-24DE-4205-B88B-46757A5600D0}.SingleImage|Any CPU.Build.0 = Release|Any CPU
		{D71DFE5F-24DE-4205-B88B-46757A5600D0}.SingleImage|x86.ActiveCfg = Release|Any CPU
		{D71DFE5F-24DE-4205-B88B-46757A5600D0}.SingleImage|x86.Build.0 = Release|Any CPU
	EndGlobalSection
	GlobalSection(SolutionProperties) = preSolution
		HideSolutionNode = FALSE
	EndGlobalSection
EndGlobal
